// !$*UTF8*$!
{
	archiveVersion = 1;
	classes = {
	};
	objectVersion = 56;
	objects = {

/* Begin PBXBuildFile section */
		7B81802129EE654D00DC23DD /* AppDelegate.swift in Sources */ = {isa = PBXBuildFile; fileRef = 7B81802029EE654D00DC23DD /* AppDelegate.swift */; };
		7B81802329EE654D00DC23DD /* SceneDelegate.swift in Sources */ = {isa = PBXBuildFile; fileRef = 7B81802229EE654D00DC23DD /* SceneDelegate.swift */; };
		7B81802529EE654D00DC23DD /* MainViewController.swift in Sources */ = {isa = PBXBuildFile; fileRef = 7B81802429EE654D00DC23DD /* MainViewController.swift */; };
		7B81802829EE654D00DC23DD /* Main.storyboard in Resources */ = {isa = PBXBuildFile; fileRef = 7B81802629EE654D00DC23DD /* Main.storyboard */; };
		7B81802B29EE654D00DC23DD /* OrderKitchenSystem.xcdatamodeld in Sources */ = {isa = PBXBuildFile; fileRef = 7B81802929EE654D00DC23DD /* OrderKitchenSystem.xcdatamodeld */; };
		7B81802D29EE654E00DC23DD /* Assets.xcassets in Resources */ = {isa = PBXBuildFile; fileRef = 7B81802C29EE654E00DC23DD /* Assets.xcassets */; };
		7B81803029EE654E00DC23DD /* LaunchScreen.storyboard in Resources */ = {isa = PBXBuildFile; fileRef = 7B81802E29EE654E00DC23DD /* LaunchScreen.storyboard */; };
		7B81803B29EE849A00DC23DD /* PersistenceManager.swift in Sources */ = {isa = PBXBuildFile; fileRef = 7B81803A29EE849A00DC23DD /* PersistenceManager.swift */; };
		7B99617529EF8A58007CBBF9 /* MainViewModel.swift in Sources */ = {isa = PBXBuildFile; fileRef = 7B99617429EF8A58007CBBF9 /* MainViewModel.swift */; };
/* End PBXBuildFile section */

/* Begin PBXFileReference section */
		7B81801D29EE654D00DC23DD /* OrderKitchenSystem.app */ = {isa = PBXFileReference; explicitFileType = wrapper.application; includeInIndex = 0; path = OrderKitchenSystem.app; sourceTree = BUILT_PRODUCTS_DIR; };
		7B81802029EE654D00DC23DD /* AppDelegate.swift */ = {isa = PBXFileReference; lastKnownFileType = sourcecode.swift; path = AppDelegate.swift; sourceTree = "<group>"; };
		7B81802229EE654D00DC23DD /* SceneDelegate.swift */ = {isa = PBXFileReference; lastKnownFileType = sourcecode.swift; path = SceneDelegate.swift; sourceTree = "<group>"; };
		7B81802429EE654D00DC23DD /* MainViewController.swift */ = {isa = PBXFileReference; lastKnownFileType = sourcecode.swift; path = MainViewController.swift; sourceTree = "<group>"; };
		7B81802729EE654D00DC23DD /* Base */ = {isa = PBXFileReference; lastKnownFileType = file.storyboard; name = Base; path = Base.lproj/Main.storyboard; sourceTree = "<group>"; };
		7B81802A29EE654D00DC23DD /* OrderKitchenSystem.xcdatamodel */ = {isa = PBXFileReference; lastKnownFileType = wrapper.xcdatamodel; path = OrderKitchenSystem.xcdatamodel; sourceTree = "<group>"; };
		7B81802C29EE654E00DC23DD /* Assets.xcassets */ = {isa = PBXFileReference; lastKnownFileType = folder.assetcatalog; path = Assets.xcassets; sourceTree = "<group>"; };
		7B81802F29EE654E00DC23DD /* Base */ = {isa = PBXFileReference; lastKnownFileType = file.storyboard; name = Base; path = Base.lproj/LaunchScreen.storyboard; sourceTree = "<group>"; };
		7B81803129EE654E00DC23DD /* Info.plist */ = {isa = PBXFileReference; lastKnownFileType = text.plist.xml; path = Info.plist; sourceTree = "<group>"; };
		7B81803A29EE849A00DC23DD /* PersistenceManager.swift */ = {isa = PBXFileReference; lastKnownFileType = sourcecode.swift; path = PersistenceManager.swift; sourceTree = "<group>"; };
		7B99617429EF8A58007CBBF9 /* MainViewModel.swift */ = {isa = PBXFileReference; lastKnownFileType = sourcecode.swift; path = MainViewModel.swift; sourceTree = "<group>"; };
/* End PBXFileReference section */

/* Begin PBXFrameworksBuildPhase section */
		7B81801A29EE654D00DC23DD /* Frameworks */ = {
			isa = PBXFrameworksBuildPhase;
			buildActionMask = 2147483647;
			files = (
			);
			runOnlyForDeploymentPostprocessing = 0;
		};
/* End PBXFrameworksBuildPhase section */

/* Begin PBXGroup section */
		7B81801429EE654D00DC23DD = {
			isa = PBXGroup;
			children = (
				7B81801F29EE654D00DC23DD /* OrderKitchenSystem */,
				7B81801E29EE654D00DC23DD /* Products */,
			);
			sourceTree = "<group>";
		};
		7B81801E29EE654D00DC23DD /* Products */ = {
			isa = PBXGroup;
			children = (
				7B81801D29EE654D00DC23DD /* OrderKitchenSystem.app */,
			);
			name = Products;
			sourceTree = "<group>";
		};
		7B81801F29EE654D00DC23DD /* OrderKitchenSystem */ = {
			isa = PBXGroup;
			children = (
				7B81803829EE7A2600DC23DD /* others */,
				7B81803C29EE84A200DC23DD /* Model */,
				7B81803729EE786800DC23DD /* View */,
				7B81803929EE7AA200DC23DD /* ViewModel */,
			);
			path = OrderKitchenSystem;
			sourceTree = "<group>";
		};
		7B81803729EE786800DC23DD /* View */ = {
			isa = PBXGroup;
			children = (
				7B81802C29EE654E00DC23DD /* Assets.xcassets */,
				7B81802E29EE654E00DC23DD /* LaunchScreen.storyboard */,
				7B81802629EE654D00DC23DD /* Main.storyboard */,
				7B81802429EE654D00DC23DD /* MainViewController.swift */,
			);
			path = View;
			sourceTree = "<group>";
		};
		7B81803829EE7A2600DC23DD /* others */ = {
			isa = PBXGroup;
			children = (
				7B81802029EE654D00DC23DD /* AppDelegate.swift */,
				7B81802229EE654D00DC23DD /* SceneDelegate.swift */,
				7B81803129EE654E00DC23DD /* Info.plist */,
			);
			path = others;
			sourceTree = "<group>";
		};
		7B81803929EE7AA200DC23DD /* ViewModel */ = {
			isa = PBXGroup;
			children = (
				7B99617429EF8A58007CBBF9 /* MainViewModel.swift */,
			);
			path = ViewModel;
			sourceTree = "<group>";
		};
		7B81803C29EE84A200DC23DD /* Model */ = {
			isa = PBXGroup;
			children = (
				7B81802929EE654D00DC23DD /* OrderKitchenSystem.xcdatamodeld */,
				7B81803A29EE849A00DC23DD /* PersistenceManager.swift */,
			);
			path = Model;
			sourceTree = "<group>";
		};
/* End PBXGroup section */

/* Begin PBXNativeTarget section */
		7B81801C29EE654D00DC23DD /* OrderKitchenSystem */ = {
			isa = PBXNativeTarget;
			buildConfigurationList = 7B81803429EE654E00DC23DD /* Build configuration list for PBXNativeTarget "OrderKitchenSystem" */;
			buildPhases = (
				7B81801929EE654D00DC23DD /* Sources */,
				7B81801A29EE654D00DC23DD /* Frameworks */,
				7B81801B29EE654D00DC23DD /* Resources */,
			);
			buildRules = (
			);
			dependencies = (
			);
			name = OrderKitchenSystem;
			productName = OrderKitchenSystem;
			productReference = 7B81801D29EE654D00DC23DD /* OrderKitchenSystem.app */;
			productType = "com.apple.product-type.application";
		};
/* End PBXNativeTarget section */

/* Begin PBXProject section */
		7B81801529EE654D00DC23DD /* Project object */ = {
			isa = PBXProject;
			attributes = {
				BuildIndependentTargetsInParallel = 1;
				LastSwiftUpdateCheck = 1430;
				LastUpgradeCheck = 1430;
				TargetAttributes = {
					7B81801C29EE654D00DC23DD = {
						CreatedOnToolsVersion = 14.3;
					};
				};
			};
			buildConfigurationList = 7B81801829EE654D00DC23DD /* Build configuration list for PBXProject "OrderKitchenSystem" */;
			compatibilityVersion = "Xcode 14.0";
			developmentRegion = en;
			hasScannedForEncodings = 0;
			knownRegions = (
				en,
				Base,
			);
			mainGroup = 7B81801429EE654D00DC23DD;
			productRefGroup = 7B81801E29EE654D00DC23DD /* Products */;
			projectDirPath = "";
			projectRoot = "";
			targets = (
				7B81801C29EE654D00DC23DD /* OrderKitchenSystem */,
			);
		};
/* End PBXProject section */

/* Begin PBXResourcesBuildPhase section */
		7B81801B29EE654D00DC23DD /* Resources */ = {
			isa = PBXResourcesBuildPhase;
			buildActionMask = 2147483647;
			files = (
				7B81803029EE654E00DC23DD /* LaunchScreen.storyboard in Resources */,
				7B81802D29EE654E00DC23DD /* Assets.xcassets in Resources */,
				7B81802829EE654D00DC23DD /* Main.storyboard in Resources */,
			);
			runOnlyForDeploymentPostprocessing = 0;
		};
/* End PBXResourcesBuildPhase section */

/* Begin PBXSourcesBuildPhase section */
		7B81801929EE654D00DC23DD /* Sources */ = {
			isa = PBXSourcesBuildPhase;
			buildActionMask = 2147483647;
			files = (
				7B81802529EE654D00DC23DD /* MainViewController.swift in Sources */,
				7B81802129EE654D00DC23DD /* AppDelegate.swift in Sources */,
				7B81802B29EE654D00DC23DD /* OrderKitchenSystem.xcdatamodeld in Sources */,
				7B81803B29EE849A00DC23DD /* PersistenceManager.swift in Sources */,
				7B81802329EE654D00DC23DD /* SceneDelegate.swift in Sources */,
				7B99617529EF8A58007CBBF9 /* MainViewModel.swift in Sources */,
			);
			runOnlyForDeploymentPostprocessing = 0;
		};
/* End PBXSourcesBuildPhase section */

/* Begin PBXVariantGroup section */
		7B81802629EE654D00DC23DD /* Main.storyboard */ = {
			isa = PBXVariantGroup;
			children = (
				7B81802729EE654D00DC23DD /* Base */,
			);
			name = Main.storyboard;
			sourceTree = "<group>";
		};
		7B81802E29EE654E00DC23DD /* LaunchScreen.storyboard */ = {
			isa = PBXVariantGroup;
			children = (
				7B81802F29EE654E00DC23DD /* Base */,
			);
			name = LaunchScreen.storyboard;
			sourceTree = "<group>";
		};
/* End PBXVariantGroup section */

/* Begin XCBuildConfiguration section */
		7B81803229EE654E00DC23DD /* Debug */ = {
			isa = XCBuildConfiguration;
			buildSettings = {
				ALWAYS_SEARCH_USER_PATHS = NO;
				CLANG_ANALYZER_NONNULL = YES;
				CLANG_ANALYZER_NUMBER_OBJECT_CONVERSION = YES_AGGRESSIVE;
				CLANG_CXX_LANGUAGE_STANDARD = "gnu++20";
				CLANG_ENABLE_MODULES = YES;
				CLANG_ENABLE_OBJC_ARC = YES;
				CLANG_ENABLE_OBJC_WEAK = YES;
				CLANG_WARN_BLOCK_CAPTURE_AUTORELEASING = YES;
				CLANG_WARN_BOOL_CONVERSION = YES;
				CLANG_WARN_COMMA = YES;
				CLANG_WARN_CONSTANT_CONVERSION = YES;
				CLANG_WARN_DEPRECATED_OBJC_IMPLEMENTATIONS = YES;
				CLANG_WARN_DIRECT_OBJC_ISA_USAGE = YES_ERROR;
				CLANG_WARN_DOCUMENTATION_COMMENTS = YES;
				CLANG_WARN_EMPTY_BODY = YES;
				CLANG_WARN_ENUM_CONVERSION = YES;
				CLANG_WARN_INFINITE_RECURSION = YES;
				CLANG_WARN_INT_CONVERSION = YES;
				CLANG_WARN_NON_LITERAL_NULL_CONVERSION = YES;
				CLANG_WARN_OBJC_IMPLICIT_RETAIN_SELF = YES;
				CLANG_WARN_OBJC_LITERAL_CONVERSION = YES;
				CLANG_WARN_OBJC_ROOT_CLASS = YES_ERROR;
				CLANG_WARN_QUOTED_INCLUDE_IN_FRAMEWORK_HEADER = YES;
				CLANG_WARN_RANGE_LOOP_ANALYSIS = YES;
				CLANG_WARN_STRICT_PROTOTYPES = YES;
				CLANG_WARN_SUSPICIOUS_MOVE = YES;
				CLANG_WARN_UNGUARDED_AVAILABILITY = YES_AGGRESSIVE;
				CLANG_WARN_UNREACHABLE_CODE = YES;
				CLANG_WARN__DUPLICATE_METHOD_MATCH = YES;
				COPY_PHASE_STRIP = NO;
				DEBUG_INFORMATION_FORMAT = dwarf;
				ENABLE_STRICT_OBJC_MSGSEND = YES;
				ENABLE_TESTABILITY = YES;
				GCC_C_LANGUAGE_STANDARD = gnu11;
				GCC_DYNAMIC_NO_PIC = NO;
				GCC_NO_COMMON_BLOCKS = YES;
				GCC_OPTIMIZATION_LEVEL = 0;
				GCC_PREPROCESSOR_DEFINITIONS = (
					"DEBUG=1",
					"$(inherited)",
				);
				GCC_WARN_64_TO_32_BIT_CONVERSION = YES;
				GCC_WARN_ABOUT_RETURN_TYPE = YES_ERROR;
				GCC_WARN_UNDECLARED_SELECTOR = YES;
				GCC_WARN_UNINITIALIZED_AUTOS = YES_AGGRESSIVE;
				GCC_WARN_UNUSED_FUNCTION = YES;
				GCC_WARN_UNUSED_VARIABLE = YES;
				IPHONEOS_DEPLOYMENT_TARGET = 16.4;
				MTL_ENABLE_DEBUG_INFO = INCLUDE_SOURCE;
				MTL_FAST_MATH = YES;
				ONLY_ACTIVE_ARCH = YES;
				SDKROOT = iphoneos;
				SWIFT_ACTIVE_COMPILATION_CONDITIONS = DEBUG;
				SWIFT_OPTIMIZATION_LEVEL = "-Onone";
			};
			name = Debug;
		};
		7B81803329EE654E00DC23DD /* Release */ = {
			isa = XCBuildConfiguration;
			buildSettings = {
				ALWAYS_SEARCH_USER_PATHS = NO;
				CLANG_ANALYZER_NONNULL = YES;
				CLANG_ANALYZER_NUMBER_OBJECT_CONVERSION = YES_AGGRESSIVE;
				CLANG_CXX_LANGUAGE_STANDARD = "gnu++20";
				CLANG_ENABLE_MODULES = YES;
				CLANG_ENABLE_OBJC_ARC = YES;
				CLANG_ENABLE_OBJC_WEAK = YES;
				CLANG_WARN_BLOCK_CAPTURE_AUTORELEASING = YES;
				CLANG_WARN_BOOL_CONVERSION = YES;
				CLANG_WARN_COMMA = YES;
				CLANG_WARN_CONSTANT_CONVERSION = YES;
				CLANG_WARN_DEPRECATED_OBJC_IMPLEMENTATIONS = YES;
				CLANG_WARN_DIRECT_OBJC_ISA_USAGE = YES_ERROR;
				CLANG_WARN_DOCUMENTATION_COMMENTS = YES;
				CLANG_WARN_EMPTY_BODY = YES;
				CLANG_WARN_ENUM_CONVERSION = YES;
				CLANG_WARN_INFINITE_RECURSION = YES;
				CLANG_WARN_INT_CONVERSION = YES;
				CLANG_WARN_NON_LITERAL_NULL_CONVERSION = YES;
				CLANG_WARN_OBJC_IMPLICIT_RETAIN_SELF = YES;
				CLANG_WARN_OBJC_LITERAL_CONVERSION = YES;
				CLANG_WARN_OBJC_ROOT_CLASS = YES_ERROR;
				CLANG_WARN_QUOTED_INCLUDE_IN_FRAMEWORK_HEADER = YES;
				CLANG_WARN_RANGE_LOOP_ANALYSIS = YES;
				CLANG_WARN_STRICT_PROTOTYPES = YES;
				CLANG_WARN_SUSPICIOUS_MOVE = YES;
				CLANG_WARN_UNGUARDED_AVAILABILITY = YES_AGGRESSIVE;
				CLANG_WARN_UNREACHABLE_CODE = YES;
				CLANG_WARN__DUPLICATE_METHOD_MATCH = YES;
				COPY_PHASE_STRIP = NO;
				DEBUG_INFORMATION_FORMAT = "dwarf-with-dsym";
				ENABLE_NS_ASSERTIONS = NO;
				ENABLE_STRICT_OBJC_MSGSEND = YES;
				GCC_C_LANGUAGE_STANDARD = gnu11;
				GCC_NO_COMMON_BLOCKS = YES;
				GCC_WARN_64_TO_32_BIT_CONVERSION = YES;
				GCC_WARN_ABOUT_RETURN_TYPE = YES_ERROR;
				GCC_WARN_UNDECLARED_SELECTOR = YES;
				GCC_WARN_UNINITIALIZED_AUTOS = YES_AGGRESSIVE;
				GCC_WARN_UNUSED_FUNCTION = YES;
				GCC_WARN_UNUSED_VARIABLE = YES;
				"INFOPLIST_FILE[sdk=*]" = "";
				IPHONEOS_DEPLOYMENT_TARGET = 16.4;
				MTL_ENABLE_DEBUG_INFO = NO;
				MTL_FAST_MATH = YES;
				SDKROOT = iphoneos;
				SWIFT_COMPILATION_MODE = wholemodule;
				SWIFT_OPTIMIZATION_LEVEL = "-O";
				VALIDATE_PRODUCT = YES;
			};
			name = Release;
		};
		7B81803529EE654E00DC23DD /* Debug */ = {
			isa = XCBuildConfiguration;
			buildSettings = {
				ASSETCATALOG_COMPILER_APPICON_NAME = AppIcon;
				ASSETCATALOG_COMPILER_GLOBAL_ACCENT_COLOR_NAME = AccentColor;
				CODE_SIGN_STYLE = Automatic;
				CURRENT_PROJECT_VERSION = 1;
				DEVELOPMENT_TEAM = 73PJ5HL78M;
				GENERATE_INFOPLIST_FILE = YES;
				INFOPLIST_FILE = OrderKitchenSystem/others/Info.plist;
				INFOPLIST_KEY_UIApplicationSupportsIndirectInputEvents = YES;
				INFOPLIST_KEY_UILaunchStoryboardName = LaunchScreen;
				INFOPLIST_KEY_UIMainStoryboardFile = Main;
				INFOPLIST_KEY_UISupportedInterfaceOrientations_iPad = "UIInterfaceOrientationLandscapeLeft UIInterfaceOrientationLandscapeRight";
				LD_RUNPATH_SEARCH_PATHS = (
					"$(inherited)",
					"@executable_path/Frameworks",
				);
				MARKETING_VERSION = 1.0;
				PRODUCT_BUNDLE_IDENTIFIER = AngusYeh.OrderKitchenSystem;
				PRODUCT_NAME = "$(TARGET_NAME)";
				SUPPORTED_PLATFORMS = "iphoneos iphonesimulator";
				SUPPORTS_MACCATALYST = NO;
				SUPPORTS_MAC_DESIGNED_FOR_IPHONE_IPAD = YES;
				SWIFT_EMIT_LOC_STRINGS = YES;
				SWIFT_VERSION = 5.0;
				TARGETED_DEVICE_FAMILY = 2;
			};
			name = Debug;
		};
		7B81803629EE654E00DC23DD /* Release */ = {
			isa = XCBuildConfiguration;
			buildSettings = {
				ASSETCATALOG_COMPILER_APPICON_NAME = AppIcon;
				ASSETCATALOG_COMPILER_GLOBAL_ACCENT_COLOR_NAME = AccentColor;
				CODE_SIGN_STYLE = Automatic;
				CURRENT_PROJECT_VERSION = 1;
				DEVELOPMENT_TEAM = 73PJ5HL78M;
				GENERATE_INFOPLIST_FILE = YES;
				INFOPLIST_FILE = OrderKitchenSystem/others/Info.plist;
				INFOPLIST_KEY_UIApplicationSupportsIndirectInputEvents = YES;
				INFOPLIST_KEY_UILaunchStoryboardName = LaunchScreen;
				INFOPLIST_KEY_UIMainStoryboardFile = Main;
				INFOPLIST_KEY_UISupportedInterfaceOrientations_iPad = "UIInterfaceOrientationLandscapeLeft UIInterfaceOrientationLandscapeRight";
				LD_RUNPATH_SEARCH_PATHS = (
					"$(inherited)",
					"@executable_path/Frameworks",
				);
				MARKETING_VERSION = 1.0;
				PRODUCT_BUNDLE_IDENTIFIER = AngusYeh.OrderKitchenSystem;
				PRODUCT_NAME = "$(TARGET_NAME)";
				SUPPORTED_PLATFORMS = "iphoneos iphonesimulator";
				SUPPORTS_MACCATALYST = NO;
				SUPPORTS_MAC_DESIGNED_FOR_IPHONE_IPAD = YES;
				SWIFT_EMIT_LOC_STRINGS = YES;
				SWIFT_VERSION = 5.0;
				TARGETED_DEVICE_FAMILY = 2;
			};
			name = Release;
		};
/* End XCBuildConfiguration section */

/* Begin XCConfigurationList section */
		7B81801829EE654D00DC23DD /* Build configuration list for PBXProject "OrderKitchenSystem" */ = {
			isa = XCConfigurationList;
			buildConfigurations = (
				7B81803229EE654E00DC23DD /* Debug */,
				7B81803329EE654E00DC23DD /* Release */,
			);
			defaultConfigurationIsVisible = 0;
			defaultConfigurationName = Release;
		};
		7B81803429EE654E00DC23DD /* Build configuration list for PBXNativeTarget "OrderKitchenSystem" */ = {
			isa = XCConfigurationList;
			buildConfigurations = (
				7B81803529EE654E00DC23DD /* Debug */,
				7B81803629EE654E00DC23DD /* Release */,
			);
			defaultConfigurationIsVisible = 0;
			defaultConfigurationName = Release;
		};
/* End XCConfigurationList section */

/* Begin XCVersionGroup section */
		7B81802929EE654D00DC23DD /* OrderKitchenSystem.xcdatamodeld */ = {
			isa = XCVersionGroup;
			children = (
				7B81802A29EE654D00DC23DD /* OrderKitchenSystem.xcdatamodel */,
			);
			currentVersion = 7B81802A29EE654D00DC23DD /* OrderKitchenSystem.xcdatamodel */;
			path = OrderKitchenSystem.xcdatamodeld;
			sourceTree = "<group>";
			versionGroupType = wrapper.xcdatamodel;
		};
/* End XCVersionGroup section */
	};
	rootObject = 7B81801529EE654D00DC23DD /* Project object */;
}
